
Microsoft Visual Studio Solution File, Format Version 12.00
# Visual Studio Version 16
VisualStudioVersion = 16.0.29209.152
MinimumVisualStudioVersion = 10.0.40219.1
Project("{9A19103F-16F7-4668-BE54-9A1E7A4F7556}") = "Shop.Web", "Shop.Web\Shop.Web.csproj", "{46A1AC27-42F9-4A9E-AFD1-224D58234C8C}"
EndProject
Project("{9A19103F-16F7-4668-BE54-9A1E7A4F7556}") = "MassInstance", "MassInstance\MassInstance.csproj", "{FAE72933-88DE-43AD-B5EE-0C7EEF6DD6B2}"
EndProject
Project("{9A19103F-16F7-4668-BE54-9A1E7A4F7556}") = "Shop.Order.ServiceEndpoint", "Shop.Order.ServiceEndpoint\Shop.Order.ServiceEndpoint.csproj", "{14ECB10C-C69F-4157-BD82-733EFF5BD50A}"
EndProject
Project("{9A19103F-16F7-4668-BE54-9A1E7A4F7556}") = "Shop.Cart.ServiceEndpoint", "Shop.Cart.ServiceEndpoint\Shop.Cart.ServiceEndpoint.csproj", "{C0B6C395-E9D8-4C47-86DF-5D2EB2CD719F}"
EndProject
Project("{2150E333-8FDC-42A3-9474-1A3956D46DE8}") = "Frontend", "Frontend", "{D25ACCE3-7DF6-4A87-B8B9-0D24E79BC833}"
EndProject
Project("{9A19103F-16F7-4668-BE54-9A1E7A4F7556}") = "MassInstance.Cqrs", "MassInstance.Cqrs\MassInstance.Cqrs.csproj", "{9C9B4DB8-A5A9-40BD-91A2-3A4A3A2D2D1C}"
EndProject
Project("{2150E333-8FDC-42A3-9474-1A3956D46DE8}") = "MassInstance", "MassInstance", "{C5F47390-C043-4262-9BD9-95B2D335ADC8}"
EndProject
Project("{9A19103F-16F7-4668-BE54-9A1E7A4F7556}") = "MassInstance.ServiceCollection", "MassInstance.ServiceCollection\MassInstance.ServiceCollection.csproj", "{08FC7962-4F0D-46D7-8304-B9CB2EAE3B07}"
EndProject
Project("{9A19103F-16F7-4668-BE54-9A1E7A4F7556}") = "Shop.Cart.Domain", "Shop.Cart.Domain\Shop.Cart.Domain.csproj", "{9D572E7E-7082-4717-8179-6D8202132958}"
EndProject
Project("{9A19103F-16F7-4668-BE54-9A1E7A4F7556}") = "Shop.Order.Domain", "Shop.Order.Domain\Shop.Order.Domain.csproj", "{A454BF2F-BF2C-4A71-ACF0-3DF8A3801182}"
EndProject
Project("{9A19103F-16F7-4668-BE54-9A1E7A4F7556}") = "Shop.Shared.Services", "Shop.Shared.Services\Shop.Shared.Services.csproj", "{1628BC28-867A-4432-92AC-5F9A72D2BDF4}"
EndProject
Project("{2150E333-8FDC-42A3-9474-1A3956D46DE8}") = "Cart", "Cart", "{243F0711-0F9D-48BB-9C7E-AB8C61883782}"
EndProject
Project("{9A19103F-16F7-4668-BE54-9A1E7A4F7556}") = "Shop.Cart.DataAccess", "Shop.Cart.DataAccess\Shop.Cart.DataAccess.csproj", "{DA7F3FE1-CDD4-4D7D-8325-F05C522850B9}"
EndProject
Project("{2150E333-8FDC-42A3-9474-1A3956D46DE8}") = "Order", "Order", "{F8F85CFF-6E7E-4763-A013-18822D171D7B}"
EndProject
Project("{9A19103F-16F7-4668-BE54-9A1E7A4F7556}") = "Shop.Order.DataAccess", "Shop.Order.DataAccess\Shop.Order.DataAccess.csproj", "{4E1AE568-6193-4544-BCF0-C938C3DCFBB1}"
EndProject
Project("{9A19103F-16F7-4668-BE54-9A1E7A4F7556}") = "Shop.Order.DataProjections", "Shop.Order.DataProjections\Shop.Order.DataProjections.csproj", "{622EBBEF-8403-473C-ADD3-5FF9205BCBD6}"
EndProject
Project("{2150E333-8FDC-42A3-9474-1A3956D46DE8}") = "Catalog", "Catalog", "{027C59F5-F587-4617-93C0-53F56AC876B1}"
EndProject
Project("{9A19103F-16F7-4668-BE54-9A1E7A4F7556}") = "Shop.Catalog.DataProjections", "Shop.Catalog.DataProjections\Shop.Catalog.DataProjections.csproj", "{049F5281-2EE9-48A7-A3F5-2342404ED8CF}"
EndProject
Project("{9A19103F-16F7-4668-BE54-9A1E7A4F7556}") = "Shop.Catalog.DataAccess", "Shop.Catalog.DataAccess\Shop.Catalog.DataAccess.csproj", "{783411E8-39C4-4149-BA43-7898BECD127A}"
EndProject
Project("{9A19103F-16F7-4668-BE54-9A1E7A4F7556}") = "Shop.Cart.DataProjections", "Shop.Cart.DataProjections\Shop.Cart.DataProjections.csproj", "{E71419F1-88A4-4BA1-833C-06695D87705A}"
EndProject
Global
	GlobalSection(SolutionConfigurationPlatforms) = preSolution
		Debug|Any CPU = Debug|Any CPU
		Release|Any CPU = Release|Any CPU
	EndGlobalSection
	GlobalSection(ProjectConfigurationPlatforms) = postSolution
		{46A1AC27-42F9-4A9E-AFD1-224D58234C8C}.Debug|Any CPU.ActiveCfg = Debug|Any CPU
		{46A1AC27-42F9-4A9E-AFD1-224D58234C8C}.Debug|Any CPU.Build.0 = Debug|Any CPU
		{46A1AC27-42F9-4A9E-AFD1-224D58234C8C}.Release|Any CPU.ActiveCfg = Release|Any CPU
		{46A1AC27-42F9-4A9E-AFD1-224D58234C8C}.Release|Any CPU.Build.0 = Release|Any CPU
		{FAE72933-88DE-43AD-B5EE-0C7EEF6DD6B2}.Debug|Any CPU.ActiveCfg = Debug|Any CPU
		{FAE72933-88DE-43AD-B5EE-0C7EEF6DD6B2}.Debug|Any CPU.Build.0 = Debug|Any CPU
		{FAE72933-88DE-43AD-B5EE-0C7EEF6DD6B2}.Release|Any CPU.ActiveCfg = Release|Any CPU
		{FAE72933-88DE-43AD-B5EE-0C7EEF6DD6B2}.Release|Any CPU.Build.0 = Release|Any CPU
		{14ECB10C-C69F-4157-BD82-733EFF5BD50A}.Debug|Any CPU.ActiveCfg = Debug|Any CPU
		{14ECB10C-C69F-4157-BD82-733EFF5BD50A}.Debug|Any CPU.Build.0 = Debug|Any CPU
		{14ECB10C-C69F-4157-BD82-733EFF5BD50A}.Release|Any CPU.ActiveCfg = Release|Any CPU
		{14ECB10C-C69F-4157-BD82-733EFF5BD50A}.Release|Any CPU.Build.0 = Release|Any CPU
		{C0B6C395-E9D8-4C47-86DF-5D2EB2CD719F}.Debug|Any CPU.ActiveCfg = Debug|Any CPU
		{C0B6C395-E9D8-4C47-86DF-5D2EB2CD719F}.Debug|Any CPU.Build.0 = Debug|Any CPU
		{C0B6C395-E9D8-4C47-86DF-5D2EB2CD719F}.Release|Any CPU.ActiveCfg = Release|Any CPU
		{C0B6C395-E9D8-4C47-86DF-5D2EB2CD719F}.Release|Any CPU.Build.0 = Release|Any CPU
		{9C9B4DB8-A5A9-40BD-91A2-3A4A3A2D2D1C}.Debug|Any CPU.ActiveCfg = Debug|Any CPU
		{9C9B4DB8-A5A9-40BD-91A2-3A4A3A2D2D1C}.Debug|Any CPU.Build.0 = Debug|Any CPU
		{9C9B4DB8-A5A9-40BD-91A2-3A4A3A2D2D1C}.Release|Any CPU.ActiveCfg = Release|Any CPU
		{9C9B4DB8-A5A9-40BD-91A2-3A4A3A2D2D1C}.Release|Any CPU.Build.0 = Release|Any CPU
		{08FC7962-4F0D-46D7-8304-B9CB2EAE3B07}.Debug|Any CPU.ActiveCfg = Debug|Any CPU
		{08FC7962-4F0D-46D7-8304-B9CB2EAE3B07}.Debug|Any CPU.Build.0 = Debug|Any CPU
		{08FC7962-4F0D-46D7-8304-B9CB2EAE3B07}.Release|Any CPU.ActiveCfg = Release|Any CPU
		{08FC7962-4F0D-46D7-8304-B9CB2EAE3B07}.Release|Any CPU.Build.0 = Release|Any CPU
		{9D572E7E-7082-4717-8179-6D8202132958}.Debug|Any CPU.ActiveCfg = Debug|Any CPU
		{9D572E7E-7082-4717-8179-6D8202132958}.Debug|Any CPU.Build.0 = Debug|Any CPU
		{9D572E7E-7082-4717-8179-6D8202132958}.Release|Any CPU.ActiveCfg = Release|Any CPU
		{9D572E7E-7082-4717-8179-6D8202132958}.Release|Any CPU.Build.0 = Release|Any CPU
		{A454BF2F-BF2C-4A71-ACF0-3DF8A3801182}.Debug|Any CPU.ActiveCfg = Debug|Any CPU
		{A454BF2F-BF2C-4A71-ACF0-3DF8A3801182}.Debug|Any CPU.Build.0 = Debug|Any CPU
		{A454BF2F-BF2C-4A71-ACF0-3DF8A3801182}.Release|Any CPU.ActiveCfg = Release|Any CPU
		{A454BF2F-BF2C-4A71-ACF0-3DF8A3801182}.Release|Any CPU.Build.0 = Release|Any CPU
		{1628BC28-867A-4432-92AC-5F9A72D2BDF4}.Debug|Any CPU.ActiveCfg = Debug|Any CPU
		{1628BC28-867A-4432-92AC-5F9A72D2BDF4}.Debug|Any CPU.Build.0 = Debug|Any CPU
		{1628BC28-867A-4432-92AC-5F9A72D2BDF4}.Release|Any CPU.ActiveCfg = Release|Any CPU
		{1628BC28-867A-4432-92AC-5F9A72D2BDF4}.Release|Any CPU.Build.0 = Release|Any CPU
		{DA7F3FE1-CDD4-4D7D-8325-F05C522850B9}.Debug|Any CPU.ActiveCfg = Debug|Any CPU
		{DA7F3FE1-CDD4-4D7D-8325-F05C522850B9}.Debug|Any CPU.Build.0 = Debug|Any CPU
		{DA7F3FE1-CDD4-4D7D-8325-F05C522850B9}.Release|Any CPU.ActiveCfg = Release|Any CPU
		{DA7F3FE1-CDD4-4D7D-8325-F05C522850B9}.Release|Any CPU.Build.0 = Release|Any CPU
		{4E1AE568-6193-4544-BCF0-C938C3DCFBB1}.Debug|Any CPU.ActiveCfg = Debug|Any CPU
		{4E1AE568-6193-4544-BCF0-C938C3DCFBB1}.Debug|Any CPU.Build.0 = Debug|Any CPU
		{4E1AE568-6193-4544-BCF0-C938C3DCFBB1}.Release|Any CPU.ActiveCfg = Release|Any CPU
		{4E1AE568-6193-4544-BCF0-C938C3DCFBB1}.Release|Any CPU.Build.0 = Release|Any CPU
		{622EBBEF-8403-473C-ADD3-5FF9205BCBD6}.Debug|Any CPU.ActiveCfg = Debug|Any CPU
		{622EBBEF-8403-473C-ADD3-5FF9205BCBD6}.Debug|Any CPU.Build.0 = Debug|Any CPU
		{622EBBEF-8403-473C-ADD3-5FF9205BCBD6}.Release|Any CPU.ActiveCfg = Release|Any CPU
		{622EBBEF-8403-473C-ADD3-5FF9205BCBD6}.Release|Any CPU.Build.0 = Release|Any CPU
		{049F5281-2EE9-48A7-A3F5-2342404ED8CF}.Debug|Any CPU.ActiveCfg = Debug|Any CPU
		{049F5281-2EE9-48A7-A3F5-2342404ED8CF}.Debug|Any CPU.Build.0 = Debug|Any CPU
		{049F5281-2EE9-48A7-A3F5-2342404ED8CF}.Release|Any CPU.ActiveCfg = Release|Any CPU
		{049F5281-2EE9-48A7-A3F5-2342404ED8CF}.Release|Any CPU.Build.0 = Release|Any CPU
		{783411E8-39C4-4149-BA43-7898BECD127A}.Debug|Any CPU.ActiveCfg = Debug|Any CPU
		{783411E8-39C4-4149-BA43-7898BECD127A}.Debug|Any CPU.Build.0 = Debug|Any CPU
		{783411E8-39C4-4149-BA43-7898BECD127A}.Release|Any CPU.ActiveCfg = Release|Any CPU
		{783411E8-39C4-4149-BA43-7898BECD127A}.Release|Any CPU.Build.0 = Release|Any CPU
		{E71419F1-88A4-4BA1-833C-06695D87705A}.Debug|Any CPU.ActiveCfg = Debug|Any CPU
		{E71419F1-88A4-4BA1-833C-06695D87705A}.Debug|Any CPU.Build.0 = Debug|Any CPU
		{E71419F1-88A4-4BA1-833C-06695D87705A}.Release|Any CPU.ActiveCfg = Release|Any CPU
		{E71419F1-88A4-4BA1-833C-06695D87705A}.Release|Any CPU.Build.0 = Release|Any CPU
	EndGlobalSection
	GlobalSection(SolutionProperties) = preSolution
		HideSolutionNode = FALSE
	EndGlobalSection
	GlobalSection(NestedProjects) = preSolution
		{46A1AC27-42F9-4A9E-AFD1-224D58234C8C} = {D25ACCE3-7DF6-4A87-B8B9-0D24E79BC833}
		{FAE72933-88DE-43AD-B5EE-0C7EEF6DD6B2} = {C5F47390-C043-4262-9BD9-95B2D335ADC8}
		{14ECB10C-C69F-4157-BD82-733EFF5BD50A} = {F8F85CFF-6E7E-4763-A013-18822D171D7B}
		{C0B6C395-E9D8-4C47-86DF-5D2EB2CD719F} = {243F0711-0F9D-48BB-9C7E-AB8C61883782}
		{9C9B4DB8-A5A9-40BD-91A2-3A4A3A2D2D1C} = {C5F47390-C043-4262-9BD9-95B2D335ADC8}
		{08FC7962-4F0D-46D7-8304-B9CB2EAE3B07} = {C5F47390-C043-4262-9BD9-95B2D335ADC8}
		{9D572E7E-7082-4717-8179-6D8202132958} = {243F0711-0F9D-48BB-9C7E-AB8C61883782}
		{A454BF2F-BF2C-4A71-ACF0-3DF8A3801182} = {F8F85CFF-6E7E-4763-A013-18822D171D7B}
		{DA7F3FE1-CDD4-4D7D-8325-F05C522850B9} = {243F0711-0F9D-48BB-9C7E-AB8C61883782}
		{4E1AE568-6193-4544-BCF0-C938C3DCFBB1} = {F8F85CFF-6E7E-4763-A013-18822D171D7B}
		{622EBBEF-8403-473C-ADD3-5FF9205BCBD6} = {F8F85CFF-6E7E-4763-A013-18822D171D7B}
		{049F5281-2EE9-48A7-A3F5-2342404ED8CF} = {027C59F5-F587-4617-93C0-53F56AC876B1}
		{783411E8-39C4-4149-BA43-7898BECD127A} = {027C59F5-F587-4617-93C0-53F56AC876B1}
		{E71419F1-88A4-4BA1-833C-06695D87705A} = {243F0711-0F9D-48BB-9C7E-AB8C61883782}
	EndGlobalSection
	GlobalSection(ExtensibilityGlobals) = postSolution
		SolutionGuid = {BC535A29-AD39-4DB8-BD3B-49EED5B43F43}
	EndGlobalSection
EndGlobal
